
Microsoft Visual Studio Solution File, Format Version 12.00
# Visual Studio Version 17
VisualStudioVersion = 17.1.32328.378
MinimumVisualStudioVersion = 10.0.40219.1
Project("{FAE04EC0-301F-11D3-BF4B-00C04F79EFBC}") = "acmePacients", "acmePacients.csproj", "{924625A1-1696-4A5F-943C-47FA8AF8ECF5}"
EndProject
Global
	GlobalSection(SolutionConfigurationPlatforms) = preSolution
		Debug|Any CPU = Debug|Any CPU
		Release|Any CPU = Release|Any CPU
	EndGlobalSection
	GlobalSection(ProjectConfigurationPlatforms) = postSolution
		{924625A1-1696-4A5F-943C-47FA8AF8ECF5}.Debug|Any CPU.ActiveCfg = Debug|Any CPU
		{924625A1-1696-4A5F-943C-47FA8AF8ECF5}.Debug|Any CPU.Build.0 = Debug|Any CPU
		{924625A1-1696-4A5F-943C-47FA8AF8ECF5}.Release|Any CPU.ActiveCfg = Release|Any CPU
		{924625A1-1696-4A5F-943C-47FA8AF8ECF5}.Release|Any CPU.Build.0 = Release|Any CPU
	EndGlobalSection
	GlobalSection(SolutionProperties) = preSolution
		HideSolutionNode = FALSE
	EndGlobalSection
	GlobalSection(ExtensibilityGlobals) = postSolution
		SolutionGuid = {49A07F49-C2D0-46FF-9235-010E72C38EE5}
	EndGlobalSection
EndGlobal
